
Microsoft Visual Studio Solution File, Format Version 12.00
# Visual Studio Version 16
VisualStudioVersion = 16.0.30804.86
MinimumVisualStudioVersion = 10.0.40219.1
Project("{8BC9CEB8-8B4A-11D0-8D11-00A0C91BC942}") = "Exam1", "Exam1\Exam1.vcxproj", "{ADAF49F1-8116-4DC9-A02D-D7B293D1701C}"
EndProject
Global
	GlobalSection(SolutionConfigurationPlatforms) = preSolution
		Debug|x64 = Debug|x64
		Debug|x86 = Debug|x86
		Release|x64 = Release|x64
		Release|x86 = Release|x86
	EndGlobalSection
	GlobalSection(ProjectConfigurationPlatforms) = postSolution
		{ADAF49F1-8116-4DC9-A02D-D7B293D1701C}.Debug|x64.ActiveCfg = Debug|x64
		{ADAF49F1-8116-4DC9-A02D-D7B293D1701C}.Debug|x64.Build.0 = Debug|x64
		{ADAF49F1-8116-4DC9-A02D-D7B293D1701C}.Debug|x86.ActiveCfg = Debug|Win32
		{ADAF49F1-8116-4DC9-A02D-D7B293D1701C}.Debug|x86.Build.0 = Debug|Win32
		{ADAF49F1-8116-4DC9-A02D-D7B293D1701C}.Release|x64.ActiveCfg = Release|x64
		{ADAF49F1-8116-4DC9-A02D-D7B293D1701C}.Release|x64.Build.0 = Release|x64
		{ADAF49F1-8116-4DC9-A02D-D7B293D1701C}.Release|x86.ActiveCfg = Release|Win32
		{ADAF49F1-8116-4DC9-A02D-D7B293D1701C}.Release|x86.Build.0 = Release|Win32
	EndGlobalSection
	GlobalSection(SolutionProperties) = preSolution
		HideSolutionNode = FALSE
	EndGlobalSection
	GlobalSection(ExtensibilityGlobals) = postSolution
		SolutionGuid = {06A52323-9F89-42E0-9827-4259A953C940}
	EndGlobalSection
EndGlobal
